{
  "pins" : [
    {
      "identity" : "kl",
      "kind" : "remoteSourceControl",
      "location" : "https://github.com/kennethlaskoski/KL.git",
      "state" : {
        "branch" : "main",
        "revision" : "fc1090fdf3161d0bbed7a13cb22caae46eda65f4"
      }
    },
    {
      "identity" : "swift-argument-parser",
      "kind" : "remoteSourceControl",
      "location" : "https://github.com/apple/swift-argument-parser.git",
      "state" : {
        "revision" : "fee6933f37fde9a5e12a1e4aeaa93fe60116ff2a",
        "version" : "1.2.2"
      }
    }
  ],
  "version" : 2
}
